
Microsoft Visual Studio Solution File, Format Version 12.00
# Visual Studio 15
VisualStudioVersion = 15.0.28307.757
MinimumVisualStudioVersion = 10.0.40219.1
Project("{151D2E53-A2C4-4D7D-83FE-D05416EBD58E}") = "WVD-NewHost", "WVD-NewHost\WVD-NewHost.deployproj", "{9C5EC938-F9FB-4FE8-983F-9D2C375E687D}"
EndProject
Global
	GlobalSection(SolutionConfigurationPlatforms) = preSolution
		Debug|Any CPU = Debug|Any CPU
		Release|Any CPU = Release|Any CPU
	EndGlobalSection
	GlobalSection(ProjectConfigurationPlatforms) = postSolution
		{9C5EC938-F9FB-4FE8-983F-9D2C375E687D}.Debug|Any CPU.ActiveCfg = Debug|Any CPU
		{9C5EC938-F9FB-4FE8-983F-9D2C375E687D}.Debug|Any CPU.Build.0 = Debug|Any CPU
		{9C5EC938-F9FB-4FE8-983F-9D2C375E687D}.Release|Any CPU.ActiveCfg = Release|Any CPU
		{9C5EC938-F9FB-4FE8-983F-9D2C375E687D}.Release|Any CPU.Build.0 = Release|Any CPU
	EndGlobalSection
	GlobalSection(SolutionProperties) = preSolution
		HideSolutionNode = FALSE
	EndGlobalSection
	GlobalSection(ExtensibilityGlobals) = postSolution
		SolutionGuid = {BF4DC588-C465-4535-972C-9E1285CABB36}
	EndGlobalSection
EndGlobal
